// !$*UTF8*$!
{
	archiveVersion = 1;
	classes = {
	};
	objectVersion = 46;
	objects = {

/* Begin PBXBuildFile section */
		FA884E411BC6E5DE007B300E /* StackArray.m in Sources */ = {isa = PBXBuildFile; fileRef = FAEB4FDF1BC6D4EA00301C04 /* StackArray.m */; settings = {ASSET_TAGS = (); }; };
		FA884E421BC6E5E0007B300E /* QueueArray.m in Sources */ = {isa = PBXBuildFile; fileRef = FAEB4FE21BC6D7EB00301C04 /* QueueArray.m */; settings = {ASSET_TAGS = (); }; };
		FAEB4FD81BC6D4B000301C04 /* main.m in Sources */ = {isa = PBXBuildFile; fileRef = FAEB4FD71BC6D4B000301C04 /* main.m */; };
		FAEB4FE01BC6D4EA00301C04 /* StackArray.m in Sources */ = {isa = PBXBuildFile; fileRef = FAEB4FDF1BC6D4EA00301C04 /* StackArray.m */; settings = {ASSET_TAGS = (); }; };
		FAEB4FE31BC6D7EB00301C04 /* QueueArray.m in Sources */ = {isa = PBXBuildFile; fileRef = FAEB4FE21BC6D7EB00301C04 /* QueueArray.m */; settings = {ASSET_TAGS = (); }; };
		FAEB4FEF1BC6DE0800301C04 /* StackAndQueueTests.m in Sources */ = {isa = PBXBuildFile; fileRef = FAEB4FEE1BC6DE0800301C04 /* StackAndQueueTests.m */; };
/* End PBXBuildFile section */

/* Begin PBXContainerItemProxy section */
		FA884E3F1BC6E345007B300E /* PBXContainerItemProxy */ = {
			isa = PBXContainerItemProxy;
			containerPortal = FAEB4FCC1BC6D4B000301C04 /* Project object */;
			proxyType = 1;
			remoteGlobalIDString = FAEB4FD31BC6D4B000301C04;
			remoteInfo = StackAndQueue;
		};
/* End PBXContainerItemProxy section */

/* Begin PBXCopyFilesBuildPhase section */
		FAEB4FD21BC6D4B000301C04 /* CopyFiles */ = {
			isa = PBXCopyFilesBuildPhase;
			buildActionMask = 2147483647;
			dstPath = /usr/share/man/man1/;
			dstSubfolderSpec = 0;
			files = (
			);
			runOnlyForDeploymentPostprocessing = 1;
		};
/* End PBXCopyFilesBuildPhase section */

/* Begin PBXFileReference section */
		FAEB4FD41BC6D4B000301C04 /* StackAndQueue */ = {isa = PBXFileReference; explicitFileType = "compiled.mach-o.executable"; includeInIndex = 0; path = StackAndQueue; sourceTree = BUILT_PRODUCTS_DIR; };
		FAEB4FD71BC6D4B000301C04 /* main.m */ = {isa = PBXFileReference; lastKnownFileType = sourcecode.c.objc; path = main.m; sourceTree = "<group>"; };
		FAEB4FDE1BC6D4EA00301C04 /* StackArray.h */ = {isa = PBXFileReference; fileEncoding = 4; lastKnownFileType = sourcecode.c.h; path = StackArray.h; sourceTree = "<group>"; };
		FAEB4FDF1BC6D4EA00301C04 /* StackArray.m */ = {isa = PBXFileReference; fileEncoding = 4; lastKnownFileType = sourcecode.c.objc; path = StackArray.m; sourceTree = "<group>"; };
		FAEB4FE11BC6D7EB00301C04 /* QueueArray.h */ = {isa = PBXFileReference; fileEncoding = 4; lastKnownFileType = sourcecode.c.h; path = QueueArray.h; sourceTree = "<group>"; };
		FAEB4FE21BC6D7EB00301C04 /* QueueArray.m */ = {isa = PBXFileReference; fileEncoding = 4; lastKnownFileType = sourcecode.c.objc; path = QueueArray.m; sourceTree = "<group>"; };
		FAEB4FEC1BC6DE0800301C04 /* StackAndQueueTests.xctest */ = {isa = PBXFileReference; explicitFileType = wrapper.cfbundle; includeInIndex = 0; path = StackAndQueueTests.xctest; sourceTree = BUILT_PRODUCTS_DIR; };
		FAEB4FEE1BC6DE0800301C04 /* StackAndQueueTests.m */ = {isa = PBXFileReference; lastKnownFileType = sourcecode.c.objc; path = StackAndQueueTests.m; sourceTree = "<group>"; };
		FAEB4FF01BC6DE0800301C04 /* Info.plist */ = {isa = PBXFileReference; lastKnownFileType = text.plist.xml; path = Info.plist; sourceTree = "<group>"; };
/* End PBXFileReference section */

/* Begin PBXFrameworksBuildPhase section */
		FAEB4FD11BC6D4B000301C04 /* Frameworks */ = {
			isa = PBXFrameworksBuildPhase;
			buildActionMask = 2147483647;
			files = (
			);
			runOnlyForDeploymentPostprocessing = 0;
		};
		FAEB4FE91BC6DE0800301C04 /* Frameworks */ = {
			isa = PBXFrameworksBuildPhase;
			buildActionMask = 2147483647;
			files = (
			);
			runOnlyForDeploymentPostprocessing = 0;
		};
/* End PBXFrameworksBuildPhase section */

/* Begin PBXGroup section */
		FAEB4FCB1BC6D4B000301C04 = {
			isa = PBXGroup;
			children = (
				FAEB4FED1BC6DE0800301C04 /* StackAndQueueTests */,
				FAEB4FD51BC6D4B000301C04 /* Products */,
				FAEB4FD61BC6D4B000301C04 /* StackAndQueue */,
			);
			sourceTree = "<group>";
		};
		FAEB4FD51BC6D4B000301C04 /* Products */ = {
			isa = PBXGroup;
			children = (
				FAEB4FD41BC6D4B000301C04 /* StackAndQueue */,
				FAEB4FEC1BC6DE0800301C04 /* StackAndQueueTests.xctest */,
			);
			name = Products;
			sourceTree = "<group>";
		};
		FAEB4FD61BC6D4B000301C04 /* StackAndQueue */ = {
			isa = PBXGroup;
			children = (
				FAEB4FD71BC6D4B000301C04 /* main.m */,
				FAEB4FDE1BC6D4EA00301C04 /* StackArray.h */,
				FAEB4FDF1BC6D4EA00301C04 /* StackArray.m */,
				FAEB4FE11BC6D7EB00301C04 /* QueueArray.h */,
				FAEB4FE21BC6D7EB00301C04 /* QueueArray.m */,
			);
			path = StackAndQueue;
			sourceTree = "<group>";
		};
		FAEB4FED1BC6DE0800301C04 /* StackAndQueueTests */ = {
			isa = PBXGroup;
			children = (
				FAEB4FEE1BC6DE0800301C04 /* StackAndQueueTests.m */,
				FAEB4FF01BC6DE0800301C04 /* Info.plist */,
			);
			path = StackAndQueueTests;
			sourceTree = "<group>";
		};
/* End PBXGroup section */

/* Begin PBXNativeTarget section */
		FAEB4FD31BC6D4B000301C04 /* StackAndQueue */ = {
			isa = PBXNativeTarget;
			buildConfigurationList = FAEB4FDB1BC6D4B000301C04 /* Build configuration list for PBXNativeTarget "StackAndQueue" */;
			buildPhases = (
				FAEB4FD01BC6D4B000301C04 /* Sources */,
				FAEB4FD11BC6D4B000301C04 /* Frameworks */,
				FAEB4FD21BC6D4B000301C04 /* CopyFiles */,
			);
			buildRules = (
			);
			dependencies = (
			);
			name = StackAndQueue;
			productName = StackAndQueue;
			productReference = FAEB4FD41BC6D4B000301C04 /* StackAndQueue */;
			productType = "com.apple.product-type.tool";
		};
		FAEB4FEB1BC6DE0800301C04 /* StackAndQueueTests */ = {
			isa = PBXNativeTarget;
			buildConfigurationList = FAEB4FF11BC6DE0800301C04 /* Build configuration list for PBXNativeTarget "StackAndQueueTests" */;
			buildPhases = (
				FAEB4FE81BC6DE0800301C04 /* Sources */,
				FAEB4FE91BC6DE0800301C04 /* Frameworks */,
				FAEB4FEA1BC6DE0800301C04 /* Resources */,
			);
			buildRules = (
			);
			dependencies = (
				FA884E401BC6E345007B300E /* PBXTargetDependency */,
			);
			name = StackAndQueueTests;
			productName = StackAndQueueTests;
			productReference = FAEB4FEC1BC6DE0800301C04 /* StackAndQueueTests.xctest */;
			productType = "com.apple.product-type.bundle.unit-test";
		};
/* End PBXNativeTarget section */

/* Begin PBXProject section */
		FAEB4FCC1BC6D4B000301C04 /* Project object */ = {
			isa = PBXProject;
			attributes = {
				LastUpgradeCheck = 0700;
				ORGANIZATIONNAME = "Anish Basu";
				TargetAttributes = {
					FAEB4FD31BC6D4B000301C04 = {
						CreatedOnToolsVersion = 7.0.1;
					};
					FAEB4FEB1BC6DE0800301C04 = {
						CreatedOnToolsVersion = 7.0.1;
					};
				};
			};
			buildConfigurationList = FAEB4FCF1BC6D4B000301C04 /* Build configuration list for PBXProject "StackAndQueue" */;
			compatibilityVersion = "Xcode 3.2";
			developmentRegion = English;
			hasScannedForEncodings = 0;
			knownRegions = (
				en,
			);
			mainGroup = FAEB4FCB1BC6D4B000301C04;
			productRefGroup = FAEB4FD51BC6D4B000301C04 /* Products */;
			projectDirPath = "";
			projectRoot = "";
			targets = (
				FAEB4FD31BC6D4B000301C04 /* StackAndQueue */,
				FAEB4FEB1BC6DE0800301C04 /* StackAndQueueTests */,
			);
		};
/* End PBXProject section */

/* Begin PBXResourcesBuildPhase section */
		FAEB4FEA1BC6DE0800301C04 /* Resources */ = {
			isa = PBXResourcesBuildPhase;
			buildActionMask = 2147483647;
			files = (
			);
			runOnlyForDeploymentPostprocessing = 0;
		};
/* End PBXResourcesBuildPhase section */

/* Begin PBXSourcesBuildPhase section */
		FAEB4FD01BC6D4B000301C04 /* Sources */ = {
			isa = PBXSourcesBuildPhase;
			buildActionMask = 2147483647;
			files = (
				FAEB4FE01BC6D4EA00301C04 /* StackArray.m in Sources */,
				FAEB4FE31BC6D7EB00301C04 /* QueueArray.m in Sources */,
				FAEB4FD81BC6D4B000301C04 /* main.m in Sources */,
			);
			runOnlyForDeploymentPostprocessing = 0;
		};
		FAEB4FE81BC6DE0800301C04 /* Sources */ = {
			isa = PBXSourcesBuildPhase;
			buildActionMask = 2147483647;
			files = (
				FA884E411BC6E5DE007B300E /* StackArray.m in Sources */,
				FA884E421BC6E5E0007B300E /* QueueArray.m in Sources */,
				FAEB4FEF1BC6DE0800301C04 /* StackAndQueueTests.m in Sources */,
			);
			runOnlyForDeploymentPostprocessing = 0;
		};
/* End PBXSourcesBuildPhase section */

/* Begin PBXTargetDependency section */
		FA884E401BC6E345007B300E /* PBXTargetDependency */ = {
			isa = PBXTargetDependency;
			target = FAEB4FD31BC6D4B000301C04 /* StackAndQueue */;
			targetProxy = FA884E3F1BC6E345007B300E /* PBXContainerItemProxy */;
		};
/* End PBXTargetDependency section */

/* Begin XCBuildConfiguration section */
		FAEB4FD91BC6D4B000301C04 /* Debug */ = {
			isa = XCBuildConfiguration;
			buildSettings = {
				ALWAYS_SEARCH_USER_PATHS = NO;
				CLANG_CXX_LANGUAGE_STANDARD = "gnu++0x";
				CLANG_CXX_LIBRARY = "libc++";
				CLANG_ENABLE_MODULES = YES;
				CLANG_ENABLE_OBJC_ARC = YES;
				CLANG_WARN_BOOL_CONVERSION = YES;
				CLANG_WARN_CONSTANT_CONVERSION = YES;
				CLANG_WARN_DIRECT_OBJC_ISA_USAGE = YES_ERROR;
				CLANG_WARN_EMPTY_BODY = YES;
				CLANG_WARN_ENUM_CONVERSION = YES;
				CLANG_WARN_INT_CONVERSION = YES;
				CLANG_WARN_OBJC_ROOT_CLASS = YES_ERROR;
				CLANG_WARN_UNREACHABLE_CODE = YES;
				CLANG_WARN__DUPLICATE_METHOD_MATCH = YES;
				COPY_PHASE_STRIP = NO;
				DEBUG_INFORMATION_FORMAT = dwarf;
				ENABLE_STRICT_OBJC_MSGSEND = YES;
				ENABLE_TESTABILITY = YES;
				GCC_C_LANGUAGE_STANDARD = gnu99;
				GCC_DYNAMIC_NO_PIC = NO;
				GCC_NO_COMMON_BLOCKS = YES;
				GCC_OPTIMIZATION_LEVEL = 0;
				GCC_PREPROCESSOR_DEFINITIONS = (
					"DEBUG=1",
					"$(inherited)",
				);
				GCC_WARN_64_TO_32_BIT_CONVERSION = YES;
				GCC_WARN_ABOUT_RETURN_TYPE = YES_ERROR;
				GCC_WARN_UNDECLARED_SELECTOR = YES;
				GCC_WARN_UNINITIALIZED_AUTOS = YES_AGGRESSIVE;
				GCC_WARN_UNUSED_FUNCTION = YES;
				GCC_WARN_UNUSED_VARIABLE = YES;
				MACOSX_DEPLOYMENT_TARGET = 10.10;
				MTL_ENABLE_DEBUG_INFO = YES;
				ONLY_ACTIVE_ARCH = YES;
				SDKROOT = macosx;
			};
			name = Debug;
		};
		FAEB4FDA1BC6D4B000301C04 /* Release */ = {
			isa = XCBuildConfiguration;
			buildSettings = {
				ALWAYS_SEARCH_USER_PATHS = NO;
				CLANG_CXX_LANGUAGE_STANDARD = "gnu++0x";
				CLANG_CXX_LIBRARY = "libc++";
				CLANG_ENABLE_MODULES = YES;
				CLANG_ENABLE_OBJC_ARC = YES;
				CLANG_WARN_BOOL_CONVERSION = YES;
				CLANG_WARN_CONSTANT_CONVERSION = YES;
				CLANG_WARN_DIRECT_OBJC_ISA_USAGE = YES_ERROR;
				CLANG_WARN_EMPTY_BODY = YES;
				CLANG_WARN_ENUM_CONVERSION = YES;
				CLANG_WARN_INT_CONVERSION = YES;
				CLANG_WARN_OBJC_ROOT_CLASS = YES_ERROR;
				CLANG_WARN_UNREACHABLE_CODE = YES;
				CLANG_WARN__DUPLICATE_METHOD_MATCH = YES;
				COPY_PHASE_STRIP = NO;
				DEBUG_INFORMATION_FORMAT = "dwarf-with-dsym";
				ENABLE_NS_ASSERTIONS = NO;
				ENABLE_STRICT_OBJC_MSGSEND = YES;
				GCC_C_LANGUAGE_STANDARD = gnu99;
				GCC_NO_COMMON_BLOCKS = YES;
				GCC_WARN_64_TO_32_BIT_CONVERSION = YES;
				GCC_WARN_ABOUT_RETURN_TYPE = YES_ERROR;
				GCC_WARN_UNDECLARED_SELECTOR = YES;
				GCC_WARN_UNINITIALIZED_AUTOS = YES_AGGRESSIVE;
				GCC_WARN_UNUSED_FUNCTION = YES;
				GCC_WARN_UNUSED_VARIABLE = YES;
				MACOSX_DEPLOYMENT_TARGET = 10.10;
				MTL_ENABLE_DEBUG_INFO = NO;
				SDKROOT = macosx;
			};
			name = Release;
		};
		FAEB4FDC1BC6D4B000301C04 /* Debug */ = {
			isa = XCBuildConfiguration;
			buildSettings = {
				PRODUCT_NAME = "$(TARGET_NAME)";
			};
			name = Debug;
		};
		FAEB4FDD1BC6D4B000301C04 /* Release */ = {
			isa = XCBuildConfiguration;
			buildSettings = {
				PRODUCT_NAME = "$(TARGET_NAME)";
			};
			name = Release;
		};
		FAEB4FF21BC6DE0800301C04 /* Debug */ = {
			isa = XCBuildConfiguration;
			buildSettings = {
				COMBINE_HIDPI_IMAGES = YES;
				INFOPLIST_FILE = StackAndQueueTests/Info.plist;
				LD_RUNPATH_SEARCH_PATHS = "$(inherited) @executable_path/../Frameworks @loader_path/../Frameworks";
				PRODUCT_BUNDLE_IDENTIFIER = com.anishb.StackAndQueueTests;
				PRODUCT_NAME = "$(TARGET_NAME)";
			};
			name = Debug;
		};
		FAEB4FF31BC6DE0800301C04 /* Release */ = {
			isa = XCBuildConfiguration;
			buildSettings = {
				COMBINE_HIDPI_IMAGES = YES;
				INFOPLIST_FILE = StackAndQueueTests/Info.plist;
				LD_RUNPATH_SEARCH_PATHS = "$(inherited) @executable_path/../Frameworks @loader_path/../Frameworks";
				PRODUCT_BUNDLE_IDENTIFIER = com.anishb.StackAndQueueTests;
				PRODUCT_NAME = "$(TARGET_NAME)";
			};
			name = Release;
		};
/* End XCBuildConfiguration section */

/* Begin XCConfigurationList section */
		FAEB4FCF1BC6D4B000301C04 /* Build configuration list for PBXProject "StackAndQueue" */ = {
			isa = XCConfigurationList;
			buildConfigurations = (
				FAEB4FD91BC6D4B000301C04 /* Debug */,
				FAEB4FDA1BC6D4B000301C04 /* Release */,
			);
			defaultConfigurationIsVisible = 0;
			defaultConfigurationName = Release;
		};
		FAEB4FDB1BC6D4B000301C04 /* Build configuration list for PBXNativeTarget "StackAndQueue" */ = {
			isa = XCConfigurationList;
			buildConfigurations = (
				FAEB4FDC1BC6D4B000301C04 /* Debug */,
				FAEB4FDD1BC6D4B000301C04 /* Release */,
			);
			defaultConfigurationIsVisible = 0;
			defaultConfigurationName = Release;
		};
		FAEB4FF11BC6DE0800301C04 /* Build configuration list for PBXNativeTarget "StackAndQueueTests" */ = {
			isa = XCConfigurationList;
			buildConfigurations = (
				FAEB4FF21BC6DE0800301C04 /* Debug */,
				FAEB4FF31BC6DE0800301C04 /* Release */,
			);
			defaultConfigurationIsVisible = 0;
			defaultConfigurationName = Release;
		};
/* End XCConfigurationList section */
	};
	rootObject = FAEB4FCC1BC6D4B000301C04 /* Project object */;
}
